
Microsoft Visual Studio Solution File, Format Version 12.00
# Visual Studio Version 16
VisualStudioVersion = 16.0.30503.244
MinimumVisualStudioVersion = 10.0.40219.1
Project("{9A19103F-16F7-4668-BE54-9A1E7A4F7556}") = "HotelFinder.Entities", "HotelFinder.Entities\HotelFinder.Entities.csproj", "{4B2BF261-C515-4D13-91F0-15A095751B7A}"
EndProject
Project("{9A19103F-16F7-4668-BE54-9A1E7A4F7556}") = "HotelFinder.DataAccess", "HotelFinder.DataAccess\HotelFinder.DataAccess.csproj", "{D17CCD6D-7647-4838-84CB-299E3DE13D52}"
EndProject
Project("{FAE04EC0-301F-11D3-BF4B-00C04F79EFBC}") = "HotelFinder.Business", "HotelFinder.Business\HotelFinder.Business.csproj", "{9FB2C52B-C658-4A4B-94EA-3EC582186C72}"
EndProject
Project("{FAE04EC0-301F-11D3-BF4B-00C04F79EFBC}") = "HotelFinder.API", "HotelFinder.API\HotelFinder.API.csproj", "{B10BE9B5-2784-4031-8202-AEE906DAF84F}"
EndProject
Global
	GlobalSection(SolutionConfigurationPlatforms) = preSolution
		Debug|Any CPU = Debug|Any CPU
		Release|Any CPU = Release|Any CPU
	EndGlobalSection
	GlobalSection(ProjectConfigurationPlatforms) = postSolution
		{4B2BF261-C515-4D13-91F0-15A095751B7A}.Debug|Any CPU.ActiveCfg = Debug|Any CPU
		{4B2BF261-C515-4D13-91F0-15A095751B7A}.Debug|Any CPU.Build.0 = Debug|Any CPU
		{4B2BF261-C515-4D13-91F0-15A095751B7A}.Release|Any CPU.ActiveCfg = Release|Any CPU
		{4B2BF261-C515-4D13-91F0-15A095751B7A}.Release|Any CPU.Build.0 = Release|Any CPU
		{D17CCD6D-7647-4838-84CB-299E3DE13D52}.Debug|Any CPU.ActiveCfg = Debug|Any CPU
		{D17CCD6D-7647-4838-84CB-299E3DE13D52}.Debug|Any CPU.Build.0 = Debug|Any CPU
		{D17CCD6D-7647-4838-84CB-299E3DE13D52}.Release|Any CPU.ActiveCfg = Release|Any CPU
		{D17CCD6D-7647-4838-84CB-299E3DE13D52}.Release|Any CPU.Build.0 = Release|Any CPU
		{9FB2C52B-C658-4A4B-94EA-3EC582186C72}.Debug|Any CPU.ActiveCfg = Debug|Any CPU
		{9FB2C52B-C658-4A4B-94EA-3EC582186C72}.Debug|Any CPU.Build.0 = Debug|Any CPU
		{9FB2C52B-C658-4A4B-94EA-3EC582186C72}.Release|Any CPU.ActiveCfg = Release|Any CPU
		{9FB2C52B-C658-4A4B-94EA-3EC582186C72}.Release|Any CPU.Build.0 = Release|Any CPU
		{B10BE9B5-2784-4031-8202-AEE906DAF84F}.Debug|Any CPU.ActiveCfg = Debug|Any CPU
		{B10BE9B5-2784-4031-8202-AEE906DAF84F}.Debug|Any CPU.Build.0 = Debug|Any CPU
		{B10BE9B5-2784-4031-8202-AEE906DAF84F}.Release|Any CPU.ActiveCfg = Release|Any CPU
		{B10BE9B5-2784-4031-8202-AEE906DAF84F}.Release|Any CPU.Build.0 = Release|Any CPU
	EndGlobalSection
	GlobalSection(SolutionProperties) = preSolution
		HideSolutionNode = FALSE
	EndGlobalSection
	GlobalSection(ExtensibilityGlobals) = postSolution
		SolutionGuid = {03AE99A6-98FC-4DDA-9FDA-DBD4A92F1D74}
	EndGlobalSection
EndGlobal
