
Microsoft Visual Studio Solution File, Format Version 12.00
# Visual Studio Version 16
VisualStudioVersion = 16.0.30503.244
MinimumVisualStudioVersion = 10.0.40219.1
Project("{FAE04EC0-301F-11D3-BF4B-00C04F79EFBC}") = "UsersManagement.API", "UsersManagement.API\UsersManagement.API.csproj", "{3CE55518-E7B8-4552-A238-30212FEC407F}"
EndProject
Global
	GlobalSection(SolutionConfigurationPlatforms) = preSolution
		Debug|Any CPU = Debug|Any CPU
		Release|Any CPU = Release|Any CPU
	EndGlobalSection
	GlobalSection(ProjectConfigurationPlatforms) = postSolution
		{3CE55518-E7B8-4552-A238-30212FEC407F}.Debug|Any CPU.ActiveCfg = Debug|Any CPU
		{3CE55518-E7B8-4552-A238-30212FEC407F}.Debug|Any CPU.Build.0 = Debug|Any CPU
		{3CE55518-E7B8-4552-A238-30212FEC407F}.Release|Any CPU.ActiveCfg = Release|Any CPU
		{3CE55518-E7B8-4552-A238-30212FEC407F}.Release|Any CPU.Build.0 = Release|Any CPU
	EndGlobalSection
	GlobalSection(SolutionProperties) = preSolution
		HideSolutionNode = FALSE
	EndGlobalSection
	GlobalSection(ExtensibilityGlobals) = postSolution
		SolutionGuid = {F26D492F-4945-4CFD-97AF-D9C66328F0F5}
	EndGlobalSection
EndGlobal
